// !$*UTF8*$!
{
	archiveVersion = 1;
	classes = {
	};
	objectVersion = 46;
	objects = {

/* Begin PBXBuildFile section */
		BF669B7A1E77F5FD005FE423 /* UIView+layout.m in Sources */ = {isa = PBXBuildFile; fileRef = BF669B781E77F5FD005FE423 /* UIView+layout.m */; };
		BF669B7C1E77F6F8005FE423 /* UIView+layout.h in Headers */ = {isa = PBXBuildFile; fileRef = BF669B791E77F5FD005FE423 /* UIView+layout.h */; settings = {ATTRIBUTES = (Public, ); }; };
		BF669B7D1E77F6F8005FE423 /* UIView+layout.m in Headers */ = {isa = PBXBuildFile; fileRef = BF669B781E77F5FD005FE423 /* UIView+layout.m */; settings = {ATTRIBUTES = (Public, ); }; };
/* End PBXBuildFile section */

/* Begin PBXCopyFilesBuildPhase section */
		BF669B6A1E77F57D005FE423 /* CopyFiles */ = {
			isa = PBXCopyFilesBuildPhase;
			buildActionMask = 2147483647;
			dstPath = "include/$(PRODUCT_NAME)";
			dstSubfolderSpec = 16;
			files = (
			);
			runOnlyForDeploymentPostprocessing = 0;
		};
/* End PBXCopyFilesBuildPhase section */

/* Begin PBXFileReference section */
		BF669B6C1E77F57D005FE423 /* libViewLayoutExtention.a */ = {isa = PBXFileReference; explicitFileType = archive.ar; includeInIndex = 0; path = libViewLayoutExtention.a; sourceTree = BUILT_PRODUCTS_DIR; };
		BF669B781E77F5FD005FE423 /* UIView+layout.m */ = {isa = PBXFileReference; fileEncoding = 4; lastKnownFileType = sourcecode.c.objc; path = "UIView+layout.m"; sourceTree = "<group>"; };
		BF669B791E77F5FD005FE423 /* UIView+layout.h */ = {isa = PBXFileReference; fileEncoding = 4; lastKnownFileType = sourcecode.c.h; path = "UIView+layout.h"; sourceTree = "<group>"; };
/* End PBXFileReference section */

/* Begin PBXFrameworksBuildPhase section */
		BF669B691E77F57D005FE423 /* Frameworks */ = {
			isa = PBXFrameworksBuildPhase;
			buildActionMask = 2147483647;
			files = (
			);
			runOnlyForDeploymentPostprocessing = 0;
		};
/* End PBXFrameworksBuildPhase section */

/* Begin PBXGroup section */
		BF669B631E77F57D005FE423 = {
			isa = PBXGroup;
			children = (
				BF669B6E1E77F57D005FE423 /* ViewLayoutExtention */,
				BF669B6D1E77F57D005FE423 /* Products */,
			);
			sourceTree = "<group>";
		};
		BF669B6D1E77F57D005FE423 /* Products */ = {
			isa = PBXGroup;
			children = (
				BF669B6C1E77F57D005FE423 /* libViewLayoutExtention.a */,
			);
			name = Products;
			sourceTree = "<group>";
		};
		BF669B6E1E77F57D005FE423 /* ViewLayoutExtention */ = {
			isa = PBXGroup;
			children = (
				BF669B791E77F5FD005FE423 /* UIView+layout.h */,
				BF669B781E77F5FD005FE423 /* UIView+layout.m */,
			);
			path = ViewLayoutExtention;
			sourceTree = "<group>";
		};
/* End PBXGroup section */

/* Begin PBXHeadersBuildPhase section */
		BF669B7B1E77F6DD005FE423 /* Headers */ = {
			isa = PBXHeadersBuildPhase;
			buildActionMask = 2147483647;
			files = (
				BF669B7C1E77F6F8005FE423 /* UIView+layout.h in Headers */,
				BF669B7D1E77F6F8005FE423 /* UIView+layout.m in Headers */,
			);
			runOnlyForDeploymentPostprocessing = 0;
		};
/* End PBXHeadersBuildPhase section */

/* Begin PBXNativeTarget section */
		BF669B6B1E77F57D005FE423 /* ViewLayoutExtention */ = {
			isa = PBXNativeTarget;
			buildConfigurationList = BF669B751E77F57D005FE423 /* Build configuration list for PBXNativeTarget "ViewLayoutExtention" */;
			buildPhases = (
				BF669B681E77F57D005FE423 /* Sources */,
				BF669B691E77F57D005FE423 /* Frameworks */,
				BF669B6A1E77F57D005FE423 /* CopyFiles */,
				BF669B7B1E77F6DD005FE423 /* Headers */,
			);
			buildRules = (
			);
			dependencies = (
			);
			name = ViewLayoutExtention;
			productName = ViewLayoutExtention;
			productReference = BF669B6C1E77F57D005FE423 /* libViewLayoutExtention.a */;
			productType = "com.apple.product-type.library.static";
		};
/* End PBXNativeTarget section */

/* Begin PBXProject section */
		BF669B641E77F57D005FE423 /* Project object */ = {
			isa = PBXProject;
			attributes = {
				LastUpgradeCheck = 0820;
				ORGANIZATIONNAME = ZLY;
				TargetAttributes = {
					BF669B6B1E77F57D005FE423 = {
						CreatedOnToolsVersion = 8.2.1;
						DevelopmentTeam = GWS99ET65G;
						ProvisioningStyle = Automatic;
					};
				};
			};
			buildConfigurationList = BF669B671E77F57D005FE423 /* Build configuration list for PBXProject "ViewLayoutExtention" */;
			compatibilityVersion = "Xcode 3.2";
			developmentRegion = English;
			hasScannedForEncodings = 0;
			knownRegions = (
				en,
			);
			mainGroup = BF669B631E77F57D005FE423;
			productRefGroup = BF669B6D1E77F57D005FE423 /* Products */;
			projectDirPath = "";
			projectRoot = "";
			targets = (
				BF669B6B1E77F57D005FE423 /* ViewLayoutExtention */,
			);
		};
/* End PBXProject section */

/* Begin PBXSourcesBuildPhase section */
		BF669B681E77F57D005FE423 /* Sources */ = {
			isa = PBXSourcesBuildPhase;
			buildActionMask = 2147483647;
			files = (
				BF669B7A1E77F5FD005FE423 /* UIView+layout.m in Sources */,
			);
			runOnlyForDeploymentPostprocessing = 0;
		};
/* End PBXSourcesBuildPhase section */

/* Begin XCBuildConfiguration section */
		BF669B731E77F57D005FE423 /* Debug */ = {
			isa = XCBuildConfiguration;
			buildSettings = {
				ALWAYS_SEARCH_USER_PATHS = NO;
				CLANG_ANALYZER_NONNULL = YES;
				CLANG_CXX_LANGUAGE_STANDARD = "gnu++0x";
				CLANG_CXX_LIBRARY = "libc++";
				CLANG_ENABLE_MODULES = YES;
				CLANG_ENABLE_OBJC_ARC = YES;
				CLANG_WARN_BOOL_CONVERSION = YES;
				CLANG_WARN_CONSTANT_CONVERSION = YES;
				CLANG_WARN_DIRECT_OBJC_ISA_USAGE = YES_ERROR;
				CLANG_WARN_DOCUMENTATION_COMMENTS = YES;
				CLANG_WARN_EMPTY_BODY = YES;
				CLANG_WARN_ENUM_CONVERSION = YES;
				CLANG_WARN_INFINITE_RECURSION = YES;
				CLANG_WARN_INT_CONVERSION = YES;
				CLANG_WARN_OBJC_ROOT_CLASS = YES_ERROR;
				CLANG_WARN_SUSPICIOUS_MOVE = YES;
				CLANG_WARN_UNREACHABLE_CODE = YES;
				CLANG_WARN__DUPLICATE_METHOD_MATCH = YES;
				"CODE_SIGN_IDENTITY[sdk=iphoneos*]" = "iPhone Developer";
				COPY_PHASE_STRIP = NO;
				DEBUG_INFORMATION_FORMAT = dwarf;
				ENABLE_STRICT_OBJC_MSGSEND = YES;
				ENABLE_TESTABILITY = YES;
				GCC_C_LANGUAGE_STANDARD = gnu99;
				GCC_DYNAMIC_NO_PIC = NO;
				GCC_NO_COMMON_BLOCKS = YES;
				GCC_OPTIMIZATION_LEVEL = 0;
				GCC_PREPROCESSOR_DEFINITIONS = (
					"DEBUG=1",
					"$(inherited)",
				);
				GCC_WARN_64_TO_32_BIT_CONVERSION = YES;
				GCC_WARN_ABOUT_RETURN_TYPE = YES_ERROR;
				GCC_WARN_UNDECLARED_SELECTOR = YES;
				GCC_WARN_UNINITIALIZED_AUTOS = YES_AGGRESSIVE;
				GCC_WARN_UNUSED_FUNCTION = YES;
				GCC_WARN_UNUSED_VARIABLE = YES;
				IPHONEOS_DEPLOYMENT_TARGET = 10.2;
				MTL_ENABLE_DEBUG_INFO = YES;
				ONLY_ACTIVE_ARCH = YES;
				SDKROOT = iphoneos;
			};
			name = Debug;
		};
		BF669B741E77F57D005FE423 /* Release */ = {
			isa = XCBuildConfiguration;
			buildSettings = {
				ALWAYS_SEARCH_USER_PATHS = NO;
				CLANG_ANALYZER_NONNULL = YES;
				CLANG_CXX_LANGUAGE_STANDARD = "gnu++0x";
				CLANG_CXX_LIBRARY = "libc++";
				CLANG_ENABLE_MODULES = YES;
				CLANG_ENABLE_OBJC_ARC = YES;
				CLANG_WARN_BOOL_CONVERSION = YES;
				CLANG_WARN_CONSTANT_CONVERSION = YES;
				CLANG_WARN_DIRECT_OBJC_ISA_USAGE = YES_ERROR;
				CLANG_WARN_DOCUMENTATION_COMMENTS = YES;
				CLANG_WARN_EMPTY_BODY = YES;
				CLANG_WARN_ENUM_CONVERSION = YES;
				CLANG_WARN_INFINITE_RECURSION = YES;
				CLANG_WARN_INT_CONVERSION = YES;
				CLANG_WARN_OBJC_ROOT_CLASS = YES_ERROR;
				CLANG_WARN_SUSPICIOUS_MOVE = YES;
				CLANG_WARN_UNREACHABLE_CODE = YES;
				CLANG_WARN__DUPLICATE_METHOD_MATCH = YES;
				"CODE_SIGN_IDENTITY[sdk=iphoneos*]" = "iPhone Developer";
				COPY_PHASE_STRIP = NO;
				DEBUG_INFORMATION_FORMAT = "dwarf-with-dsym";
				ENABLE_NS_ASSERTIONS = NO;
				ENABLE_STRICT_OBJC_MSGSEND = YES;
				GCC_C_LANGUAGE_STANDARD = gnu99;
				GCC_NO_COMMON_BLOCKS = YES;
				GCC_WARN_64_TO_32_BIT_CONVERSION = YES;
				GCC_WARN_ABOUT_RETURN_TYPE = YES_ERROR;
				GCC_WARN_UNDECLARED_SELECTOR = YES;
				GCC_WARN_UNINITIALIZED_AUTOS = YES_AGGRESSIVE;
				GCC_WARN_UNUSED_FUNCTION = YES;
				GCC_WARN_UNUSED_VARIABLE = YES;
				IPHONEOS_DEPLOYMENT_TARGET = 10.2;
				MTL_ENABLE_DEBUG_INFO = NO;
				SDKROOT = iphoneos;
				VALIDATE_PRODUCT = YES;
			};
			name = Release;
		};
		BF669B761E77F57D005FE423 /* Debug */ = {
			isa = XCBuildConfiguration;
			buildSettings = {
				DEVELOPMENT_TEAM = GWS99ET65G;
				OTHER_LDFLAGS = "-ObjC";
				PRODUCT_NAME = "$(TARGET_NAME)";
				SKIP_INSTALL = YES;
			};
			name = Debug;
		};
		BF669B771E77F57D005FE423 /* Release */ = {
			isa = XCBuildConfiguration;
			buildSettings = {
				DEVELOPMENT_TEAM = GWS99ET65G;
				OTHER_LDFLAGS = "-ObjC";
				PRODUCT_NAME = "$(TARGET_NAME)";
				SKIP_INSTALL = YES;
			};
			name = Release;
		};
/* End XCBuildConfiguration section */

/* Begin XCConfigurationList section */
		BF669B671E77F57D005FE423 /* Build configuration list for PBXProject "ViewLayoutExtention" */ = {
			isa = XCConfigurationList;
			buildConfigurations = (
				BF669B731E77F57D005FE423 /* Debug */,
				BF669B741E77F57D005FE423 /* Release */,
			);
			defaultConfigurationIsVisible = 0;
			defaultConfigurationName = Release;
		};
		BF669B751E77F57D005FE423 /* Build configuration list for PBXNativeTarget "ViewLayoutExtention" */ = {
			isa = XCConfigurationList;
			buildConfigurations = (
				BF669B761E77F57D005FE423 /* Debug */,
				BF669B771E77F57D005FE423 /* Release */,
			);
			defaultConfigurationIsVisible = 0;
		};
/* End XCConfigurationList section */
	};
	rootObject = BF669B641E77F57D005FE423 /* Project object */;
}
